
Microsoft Visual Studio Solution File, Format Version 12.00
# Visual Studio Version 17
VisualStudioVersion = 17.7.34221.43
MinimumVisualStudioVersion = 10.0.40219.1
Project("{9A19103F-16F7-4668-BE54-9A1E7A4F7556}") = "Isograms", "Isograms\Isograms.csproj", "{D69FF3C4-89E3-4E4B-902D-55F4939E7B50}"
EndProject
Project("{FAE04EC0-301F-11D3-BF4B-00C04F79EFBC}") = "Complementary DNA", "Complementary DNA\Complementary DNA.csproj", "{043B4861-2B7A-4EEA-9B45-8A70C9E8C084}"
EndProject
Project("{FAE04EC0-301F-11D3-BF4B-00C04F79EFBC}") = "ReverseWords", "ReverseWords\ReverseWords.csproj", "{55F70741-E394-4C07-A280-3240D259864F}"
EndProject
Project("{FAE04EC0-301F-11D3-BF4B-00C04F79EFBC}") = "WhoLikesIt", "WhoLikesIt\WhoLikesIt.csproj", "{F2112173-B71A-440C-8EFC-E6FA083F506F}"
EndProject
Global
	GlobalSection(SolutionConfigurationPlatforms) = preSolution
		Debug|Any CPU = Debug|Any CPU
		Release|Any CPU = Release|Any CPU
	EndGlobalSection
	GlobalSection(ProjectConfigurationPlatforms) = postSolution
		{D69FF3C4-89E3-4E4B-902D-55F4939E7B50}.Debug|Any CPU.ActiveCfg = Debug|Any CPU
		{D69FF3C4-89E3-4E4B-902D-55F4939E7B50}.Debug|Any CPU.Build.0 = Debug|Any CPU
		{D69FF3C4-89E3-4E4B-902D-55F4939E7B50}.Release|Any CPU.ActiveCfg = Release|Any CPU
		{D69FF3C4-89E3-4E4B-902D-55F4939E7B50}.Release|Any CPU.Build.0 = Release|Any CPU
		{043B4861-2B7A-4EEA-9B45-8A70C9E8C084}.Debug|Any CPU.ActiveCfg = Debug|Any CPU
		{043B4861-2B7A-4EEA-9B45-8A70C9E8C084}.Debug|Any CPU.Build.0 = Debug|Any CPU
		{043B4861-2B7A-4EEA-9B45-8A70C9E8C084}.Release|Any CPU.ActiveCfg = Release|Any CPU
		{043B4861-2B7A-4EEA-9B45-8A70C9E8C084}.Release|Any CPU.Build.0 = Release|Any CPU
		{55F70741-E394-4C07-A280-3240D259864F}.Debug|Any CPU.ActiveCfg = Debug|Any CPU
		{55F70741-E394-4C07-A280-3240D259864F}.Debug|Any CPU.Build.0 = Debug|Any CPU
		{55F70741-E394-4C07-A280-3240D259864F}.Release|Any CPU.ActiveCfg = Release|Any CPU
		{55F70741-E394-4C07-A280-3240D259864F}.Release|Any CPU.Build.0 = Release|Any CPU
		{F2112173-B71A-440C-8EFC-E6FA083F506F}.Debug|Any CPU.ActiveCfg = Debug|Any CPU
		{F2112173-B71A-440C-8EFC-E6FA083F506F}.Debug|Any CPU.Build.0 = Debug|Any CPU
		{F2112173-B71A-440C-8EFC-E6FA083F506F}.Release|Any CPU.ActiveCfg = Release|Any CPU
		{F2112173-B71A-440C-8EFC-E6FA083F506F}.Release|Any CPU.Build.0 = Release|Any CPU
	EndGlobalSection
	GlobalSection(SolutionProperties) = preSolution
		HideSolutionNode = FALSE
	EndGlobalSection
	GlobalSection(ExtensibilityGlobals) = postSolution
		SolutionGuid = {C9817045-7F53-48F4-9528-8C44740F588E}
	EndGlobalSection
EndGlobal
